{
  "requires": true,
  "lockfileVersion": 1,
  "dependencies": {
    "clsx": {
      "version": "1.1.1",
      "resolved": "https://registry.npmjs.org/clsx/-/clsx-1.1.1.tgz",
      "integrity": "sha512-6/bPho624p3S2pMyvP5kKBPXnI3ufHLObBFCfgx+LkeR5lg2XYy2hqZqUf45ypD8COn2bhgGJSUE+l5dhNBieA=="
    },
    "express-validator": {
      "version": "6.7.0",
      "resolved": "https://registry.npmjs.org/express-validator/-/express-validator-6.7.0.tgz",
      "integrity": "sha512-sLnTFlyKEvesC2Fyn1TY4Q05cWCZHQQ1ijQOVbBG7hFeTKt4CNzttoF4t6CqrYroKa+2DOzj0E09odPIYDTbRg==",
      "requires": {
        "lodash": "^4.17.20",
        "validator": "^13.1.1"
      }
    },
    "lodash": {
      "version": "4.17.20",
      "resolved": "https://registry.npmjs.org/lodash/-/lodash-4.17.20.tgz",
      "integrity": "sha512-PlhdFcillOINfeV7Ni6oF1TAEayyZBoZ8bcshTHqOYJYlrqzRK5hagpagky5o4HfCzzd1TRkXPMFq6cKk9rGmA=="
    },
    "prettier": {
      "version": "2.2.0",
      "resolved": "https://registry.npmjs.org/prettier/-/prettier-2.2.0.tgz",
      "integrity": "sha512-yYerpkvseM4iKD/BXLYUkQV5aKt4tQPqaGW6EsZjzyu0r7sVZZNPJW4Y8MyKmicp6t42XUPcBVA+H6sB3gqndw=="
    },
    "validator": {
      "version": "13.5.1",
      "resolved": "https://registry.npmjs.org/validator/-/validator-13.5.1.tgz",
      "integrity": "sha512-s+7LW1Xi0OzPNfGN7Hb2vk0YB/epp9KFHHGC5JtqZOE1dUkN4ULPFZAQ1inCu7ceAsWmOJu6sn9cnwm3R+ghWQ=="
    }
  }
}
